
Microsoft Visual Studio Solution File, Format Version 12.00
# Visual Studio 2015
Project("{FAE04EC0-301F-11D3-BF4B-00C04F79EFBC}") = "Hacker.CSharp", "Hacker.CSharp.csproj", "{47D7ECC3-7A4B-229E-5920-37F8F1F843A1}"
EndProject
Project("{FAE04EC0-301F-11D3-BF4B-00C04F79EFBC}") = "Hacker.CSharp.Editor", "Hacker.CSharp.Editor.csproj", "{DED82AD0-17F5-B825-863F-33946B5EB51A}"
EndProject
Global
	GlobalSection(SolutionConfigurationPlatforms) = preSolution
		Debug|Any CPU = Debug|Any CPU
		Release|Any CPU = Release|Any CPU
	EndGlobalSection
	GlobalSection(ProjectConfigurationPlatforms) = postSolution
		{47D7ECC3-7A4B-229E-5920-37F8F1F843A1}.Debug|Any CPU.ActiveCfg = Debug|Any CPU
		{47D7ECC3-7A4B-229E-5920-37F8F1F843A1}.Debug|Any CPU.Build.0 = Debug|Any CPU
		{47D7ECC3-7A4B-229E-5920-37F8F1F843A1}.Release|Any CPU.ActiveCfg = Release|Any CPU
		{47D7ECC3-7A4B-229E-5920-37F8F1F843A1}.Release|Any CPU.Build.0 = Release|Any CPU
		{DED82AD0-17F5-B825-863F-33946B5EB51A}.Debug|Any CPU.ActiveCfg = Debug|Any CPU
		{DED82AD0-17F5-B825-863F-33946B5EB51A}.Debug|Any CPU.Build.0 = Debug|Any CPU
		{DED82AD0-17F5-B825-863F-33946B5EB51A}.Release|Any CPU.ActiveCfg = Release|Any CPU
		{DED82AD0-17F5-B825-863F-33946B5EB51A}.Release|Any CPU.Build.0 = Release|Any CPU
	EndGlobalSection
	GlobalSection(SolutionProperties) = preSolution
		HideSolutionNode = FALSE
	EndGlobalSection
EndGlobal
